
Microsoft Visual Studio Solution File, Format Version 12.00
# Visual Studio Version 16
VisualStudioVersion = 16.0.31729.503
MinimumVisualStudioVersion = 10.0.40219.1
Project("{888888A0-9F3D-457C-B088-3A5042F75D52}") = "FriendsOfTheSnake", "FriendsOfTheSnake.pyproj", "{1CA34582-B79D-4724-8336-0829AE9EBF90}"
EndProject
Global
	GlobalSection(SolutionConfigurationPlatforms) = preSolution
		Debug|Any CPU = Debug|Any CPU
		Release|Any CPU = Release|Any CPU
	EndGlobalSection
	GlobalSection(ProjectConfigurationPlatforms) = postSolution
		{1CA34582-B79D-4724-8336-0829AE9EBF90}.Debug|Any CPU.ActiveCfg = Debug|Any CPU
		{1CA34582-B79D-4724-8336-0829AE9EBF90}.Release|Any CPU.ActiveCfg = Release|Any CPU
	EndGlobalSection
	GlobalSection(SolutionProperties) = preSolution
		HideSolutionNode = FALSE
	EndGlobalSection
	GlobalSection(ExtensibilityGlobals) = postSolution
		SolutionGuid = {876A3D94-EC53-4C67-9195-B0CDFA40D295}
	EndGlobalSection
EndGlobal
